
Microsoft Visual Studio Solution File, Format Version 12.00
# Visual Studio 15
VisualStudioVersion = 15.0.27004.2008
MinimumVisualStudioVersion = 10.0.40219.1
Project("{FAE04EC0-301F-11D3-BF4B-00C04F79EFBC}") = "Pankratov_Lab1", "Pankratov_Lab1\Pankratov_Lab1.csproj", "{D299E779-EB03-47F7-B31C-D90E5A1ED165}"
EndProject
Global
	GlobalSection(SolutionConfigurationPlatforms) = preSolution
		Debug|Any CPU = Debug|Any CPU
		Release|Any CPU = Release|Any CPU
	EndGlobalSection
	GlobalSection(ProjectConfigurationPlatforms) = postSolution
		{D299E779-EB03-47F7-B31C-D90E5A1ED165}.Debug|Any CPU.ActiveCfg = Debug|Any CPU
		{D299E779-EB03-47F7-B31C-D90E5A1ED165}.Debug|Any CPU.Build.0 = Debug|Any CPU
		{D299E779-EB03-47F7-B31C-D90E5A1ED165}.Release|Any CPU.ActiveCfg = Release|Any CPU
		{D299E779-EB03-47F7-B31C-D90E5A1ED165}.Release|Any CPU.Build.0 = Release|Any CPU
	EndGlobalSection
	GlobalSection(SolutionProperties) = preSolution
		HideSolutionNode = FALSE
	EndGlobalSection
	GlobalSection(ExtensibilityGlobals) = postSolution
		SolutionGuid = {26CB9761-6FE8-4BFB-9A91-F778F0BDAA6B}
	EndGlobalSection
EndGlobal
